
Microsoft Visual Studio Solution File, Format Version 12.00
# Visual Studio Version 16
VisualStudioVersion = 16.0.31729.503
MinimumVisualStudioVersion = 10.0.40219.1
Project("{FAE04EC0-301F-11D3-BF4B-00C04F79EFBC}") = "Exercicio1", "Exercicio1\Exercicio1.csproj", "{A85EBE5C-07DC-48AE-92B2-E04A8FC4E86E}"
EndProject
Global
	GlobalSection(SolutionConfigurationPlatforms) = preSolution
		Debug|Any CPU = Debug|Any CPU
		Release|Any CPU = Release|Any CPU
	EndGlobalSection
	GlobalSection(ProjectConfigurationPlatforms) = postSolution
		{A85EBE5C-07DC-48AE-92B2-E04A8FC4E86E}.Debug|Any CPU.ActiveCfg = Debug|Any CPU
		{A85EBE5C-07DC-48AE-92B2-E04A8FC4E86E}.Debug|Any CPU.Build.0 = Debug|Any CPU
		{A85EBE5C-07DC-48AE-92B2-E04A8FC4E86E}.Release|Any CPU.ActiveCfg = Release|Any CPU
		{A85EBE5C-07DC-48AE-92B2-E04A8FC4E86E}.Release|Any CPU.Build.0 = Release|Any CPU
	EndGlobalSection
	GlobalSection(SolutionProperties) = preSolution
		HideSolutionNode = FALSE
	EndGlobalSection
	GlobalSection(ExtensibilityGlobals) = postSolution
		SolutionGuid = {0B591FB8-DEAD-4B05-80FC-2D0C20A3982B}
	EndGlobalSection
EndGlobal
